
Microsoft Visual Studio Solution File, Format Version 12.00
# Visual Studio Version 16
VisualStudioVersion = 16.0.31424.327
MinimumVisualStudioVersion = 10.0.40219.1
Project("{2150E333-8FDC-42A3-9474-1A3956D46DE8}") = "Services", "Services", "{261D3230-CCBB-4F75-8AD8-0E81F7A69755}"
EndProject
Project("{2150E333-8FDC-42A3-9474-1A3956D46DE8}") = "Catelog", "Catelog", "{C823ADD6-2355-449A-A148-E93870279A5D}"
EndProject
Project("{FAE04EC0-301F-11D3-BF4B-00C04F79EFBC}") = "Catelog.API", "Services\Catelog\Catelog.API\Catelog.API.csproj", "{2CA2CF1D-9400-4509-B17E-1C39C5AE83B7}"
EndProject
Global
	GlobalSection(SolutionConfigurationPlatforms) = preSolution
		Debug|Any CPU = Debug|Any CPU
		Release|Any CPU = Release|Any CPU
	EndGlobalSection
	GlobalSection(ProjectConfigurationPlatforms) = postSolution
		{2CA2CF1D-9400-4509-B17E-1C39C5AE83B7}.Debug|Any CPU.ActiveCfg = Debug|Any CPU
		{2CA2CF1D-9400-4509-B17E-1C39C5AE83B7}.Debug|Any CPU.Build.0 = Debug|Any CPU
		{2CA2CF1D-9400-4509-B17E-1C39C5AE83B7}.Release|Any CPU.ActiveCfg = Release|Any CPU
		{2CA2CF1D-9400-4509-B17E-1C39C5AE83B7}.Release|Any CPU.Build.0 = Release|Any CPU
	EndGlobalSection
	GlobalSection(SolutionProperties) = preSolution
		HideSolutionNode = FALSE
	EndGlobalSection
	GlobalSection(NestedProjects) = preSolution
		{C823ADD6-2355-449A-A148-E93870279A5D} = {261D3230-CCBB-4F75-8AD8-0E81F7A69755}
		{2CA2CF1D-9400-4509-B17E-1C39C5AE83B7} = {C823ADD6-2355-449A-A148-E93870279A5D}
	EndGlobalSection
	GlobalSection(ExtensibilityGlobals) = postSolution
		SolutionGuid = {843E864D-B9EC-4D2A-8D69-3083819DECB6}
	EndGlobalSection
EndGlobal
